
Microsoft Visual Studio Solution File, Format Version 12.00
# Visual Studio Version 16
VisualStudioVersion = 16.0.32602.291
MinimumVisualStudioVersion = 10.0.40219.1
Project("{9A19103F-16F7-4668-BE54-9A1E7A4F7556}") = "ArrayListImplementation", "ArrayListImplementation\ArrayListImplementation.csproj", "{B40CD353-473C-4BE7-A6AA-E7761D9F6714}"
EndProject
Global
	GlobalSection(SolutionConfigurationPlatforms) = preSolution
		Debug|Any CPU = Debug|Any CPU
		Release|Any CPU = Release|Any CPU
	EndGlobalSection
	GlobalSection(ProjectConfigurationPlatforms) = postSolution
		{B40CD353-473C-4BE7-A6AA-E7761D9F6714}.Debug|Any CPU.ActiveCfg = Debug|Any CPU
		{B40CD353-473C-4BE7-A6AA-E7761D9F6714}.Debug|Any CPU.Build.0 = Debug|Any CPU
		{B40CD353-473C-4BE7-A6AA-E7761D9F6714}.Release|Any CPU.ActiveCfg = Release|Any CPU
		{B40CD353-473C-4BE7-A6AA-E7761D9F6714}.Release|Any CPU.Build.0 = Release|Any CPU
	EndGlobalSection
	GlobalSection(SolutionProperties) = preSolution
		HideSolutionNode = FALSE
	EndGlobalSection
	GlobalSection(ExtensibilityGlobals) = postSolution
		SolutionGuid = {04C1DE20-F6C7-4CF3-ABB1-A8F851EEABB9}
	EndGlobalSection
EndGlobal
